
Microsoft Visual Studio Solution File, Format Version 12.00
# Visual Studio Version 16
VisualStudioVersion = 16.0.31205.134
MinimumVisualStudioVersion = 10.0.40219.1
Project("{FAE04EC0-301F-11D3-BF4B-00C04F79EFBC}") = "WpfAppVG9", "WpfAppVG9\WpfAppVG9.csproj", "{D91877E4-5B18-433A-8ACF-0057CDCEF457}"
EndProject
Project("{FAE04EC0-301F-11D3-BF4B-00C04F79EFBC}") = "UnitTestProject1", "UnitTestProject1\UnitTestProject1.csproj", "{FC1BCE97-03AE-461A-81AA-79B6F3105227}"
EndProject
Global
	GlobalSection(SolutionConfigurationPlatforms) = preSolution
		Debug|Any CPU = Debug|Any CPU
		Release|Any CPU = Release|Any CPU
	EndGlobalSection
	GlobalSection(ProjectConfigurationPlatforms) = postSolution
		{D91877E4-5B18-433A-8ACF-0057CDCEF457}.Debug|Any CPU.ActiveCfg = Debug|Any CPU
		{D91877E4-5B18-433A-8ACF-0057CDCEF457}.Debug|Any CPU.Build.0 = Debug|Any CPU
		{D91877E4-5B18-433A-8ACF-0057CDCEF457}.Release|Any CPU.ActiveCfg = Release|Any CPU
		{D91877E4-5B18-433A-8ACF-0057CDCEF457}.Release|Any CPU.Build.0 = Release|Any CPU
		{FC1BCE97-03AE-461A-81AA-79B6F3105227}.Debug|Any CPU.ActiveCfg = Debug|Any CPU
		{FC1BCE97-03AE-461A-81AA-79B6F3105227}.Debug|Any CPU.Build.0 = Debug|Any CPU
		{FC1BCE97-03AE-461A-81AA-79B6F3105227}.Release|Any CPU.ActiveCfg = Release|Any CPU
		{FC1BCE97-03AE-461A-81AA-79B6F3105227}.Release|Any CPU.Build.0 = Release|Any CPU
	EndGlobalSection
	GlobalSection(SolutionProperties) = preSolution
		HideSolutionNode = FALSE
	EndGlobalSection
	GlobalSection(ExtensibilityGlobals) = postSolution
		SolutionGuid = {6AF3D99F-35D8-4030-B516-275DD634C615}
	EndGlobalSection
EndGlobal
